
Microsoft Visual Studio Solution File, Format Version 12.00
# Visual Studio Version 16
VisualStudioVersion = 16.0.32228.343
MinimumVisualStudioVersion = 10.0.40219.1
Project("{FAE04EC0-301F-11D3-BF4B-00C04F79EFBC}") = "Summator", "Summator\Summator.csproj", "{A2552A08-57D6-46A5-ACA1-EE2785993D20}"
EndProject
Project("{FAE04EC0-301F-11D3-BF4B-00C04F79EFBC}") = "Summator.Tests", "Summator.Tests\Summator.Tests.csproj", "{30C480F1-2347-4F8F-8142-11C525574819}"
EndProject
Global
	GlobalSection(SolutionConfigurationPlatforms) = preSolution
		Debug|Any CPU = Debug|Any CPU
		Release|Any CPU = Release|Any CPU
	EndGlobalSection
	GlobalSection(ProjectConfigurationPlatforms) = postSolution
		{A2552A08-57D6-46A5-ACA1-EE2785993D20}.Debug|Any CPU.ActiveCfg = Debug|Any CPU
		{A2552A08-57D6-46A5-ACA1-EE2785993D20}.Debug|Any CPU.Build.0 = Debug|Any CPU
		{A2552A08-57D6-46A5-ACA1-EE2785993D20}.Release|Any CPU.ActiveCfg = Release|Any CPU
		{A2552A08-57D6-46A5-ACA1-EE2785993D20}.Release|Any CPU.Build.0 = Release|Any CPU
		{30C480F1-2347-4F8F-8142-11C525574819}.Debug|Any CPU.ActiveCfg = Debug|Any CPU
		{30C480F1-2347-4F8F-8142-11C525574819}.Debug|Any CPU.Build.0 = Debug|Any CPU
		{30C480F1-2347-4F8F-8142-11C525574819}.Release|Any CPU.ActiveCfg = Release|Any CPU
		{30C480F1-2347-4F8F-8142-11C525574819}.Release|Any CPU.Build.0 = Release|Any CPU
	EndGlobalSection
	GlobalSection(SolutionProperties) = preSolution
		HideSolutionNode = FALSE
	EndGlobalSection
	GlobalSection(ExtensibilityGlobals) = postSolution
		SolutionGuid = {185E71E4-3FD2-4938-9427-0EFD1BF3E8B1}
	EndGlobalSection
EndGlobal
